
Microsoft Visual Studio Solution File, Format Version 12.00
# Visual Studio Version 17
VisualStudioVersion = 17.8.34511.84
MinimumVisualStudioVersion = 10.0.40219.1
Project("{FAE04EC0-301F-11D3-BF4B-00C04F79EFBC}") = "Lab1", "Lab1.csproj", "{E2A64527-8299-4A75-B0C8-BDF3A309C89F}"
EndProject
Global
	GlobalSection(SolutionConfigurationPlatforms) = preSolution
		Debug|Any CPU = Debug|Any CPU
		Release|Any CPU = Release|Any CPU
	EndGlobalSection
	GlobalSection(ProjectConfigurationPlatforms) = postSolution
		{E2A64527-8299-4A75-B0C8-BDF3A309C89F}.Debug|Any CPU.ActiveCfg = Debug|Any CPU
		{E2A64527-8299-4A75-B0C8-BDF3A309C89F}.Debug|Any CPU.Build.0 = Debug|Any CPU
		{E2A64527-8299-4A75-B0C8-BDF3A309C89F}.Release|Any CPU.ActiveCfg = Release|Any CPU
		{E2A64527-8299-4A75-B0C8-BDF3A309C89F}.Release|Any CPU.Build.0 = Release|Any CPU
	EndGlobalSection
	GlobalSection(SolutionProperties) = preSolution
		HideSolutionNode = FALSE
	EndGlobalSection
	GlobalSection(ExtensibilityGlobals) = postSolution
		SolutionGuid = {F0F51FB8-5CAF-47FC-86C2-55846E36984C}
	EndGlobalSection
EndGlobal
