
Microsoft Visual Studio Solution File, Format Version 12.00
# Visual Studio Version 17
VisualStudioVersion = 17.8.34511.84
MinimumVisualStudioVersion = 10.0.40219.1
Project("{FAE04EC0-301F-11D3-BF4B-00C04F79EFBC}") = "Laboratory_2", "Laboratory_2.csproj", "{67E4E880-5CB1-4A1A-8A37-E5C7203B80EB}"
EndProject
Global
	GlobalSection(SolutionConfigurationPlatforms) = preSolution
		Debug|Any CPU = Debug|Any CPU
		Release|Any CPU = Release|Any CPU
	EndGlobalSection
	GlobalSection(ProjectConfigurationPlatforms) = postSolution
		{67E4E880-5CB1-4A1A-8A37-E5C7203B80EB}.Debug|Any CPU.ActiveCfg = Debug|Any CPU
		{67E4E880-5CB1-4A1A-8A37-E5C7203B80EB}.Debug|Any CPU.Build.0 = Debug|Any CPU
		{67E4E880-5CB1-4A1A-8A37-E5C7203B80EB}.Release|Any CPU.ActiveCfg = Release|Any CPU
		{67E4E880-5CB1-4A1A-8A37-E5C7203B80EB}.Release|Any CPU.Build.0 = Release|Any CPU
	EndGlobalSection
	GlobalSection(SolutionProperties) = preSolution
		HideSolutionNode = FALSE
	EndGlobalSection
	GlobalSection(ExtensibilityGlobals) = postSolution
		SolutionGuid = {A7309217-2D91-4A25-9E49-8B24759F2CFF}
	EndGlobalSection
EndGlobal
