
Microsoft Visual Studio Solution File, Format Version 12.00
# Visual Studio Version 17
VisualStudioVersion = 17.8.34511.84
MinimumVisualStudioVersion = 10.0.40219.1
Project("{FAE04EC0-301F-11D3-BF4B-00C04F79EFBC}") = "Laboratory_2", "Laboratory_2.csproj", "{94714211-C026-4367-940D-E25D6BD16BA7}"
EndProject
Global
	GlobalSection(SolutionConfigurationPlatforms) = preSolution
		Debug|Any CPU = Debug|Any CPU
		Release|Any CPU = Release|Any CPU
	EndGlobalSection
	GlobalSection(ProjectConfigurationPlatforms) = postSolution
		{94714211-C026-4367-940D-E25D6BD16BA7}.Debug|Any CPU.ActiveCfg = Debug|Any CPU
		{94714211-C026-4367-940D-E25D6BD16BA7}.Debug|Any CPU.Build.0 = Debug|Any CPU
		{94714211-C026-4367-940D-E25D6BD16BA7}.Release|Any CPU.ActiveCfg = Release|Any CPU
		{94714211-C026-4367-940D-E25D6BD16BA7}.Release|Any CPU.Build.0 = Release|Any CPU
	EndGlobalSection
	GlobalSection(SolutionProperties) = preSolution
		HideSolutionNode = FALSE
	EndGlobalSection
	GlobalSection(ExtensibilityGlobals) = postSolution
		SolutionGuid = {2205491F-8A19-4C82-8560-F1468FB1FEA8}
	EndGlobalSection
EndGlobal
